{
    "_meta": {
        "hash": {
            "sha256": "4e61d1c90496693b47f2e80510805d89c7b22a8eadd53eca4712fbc96bd46eb8"
        },
        "pipfile-spec": 6,
        "requires": {
            "python_version": "3.8"
        },
        "sources": [
            {
                "name": "pypi",
                "url": "https://pypi.org/simple",
                "verify_ssl": true
            }
        ]
    },
    "default": {
        "amqp": {
            "hashes": [
                "sha256:2c1b13fecc0893e946c65cbd5f36427861cffa4ea2201d8f6fca22e2a373b5e2",
                "sha256:6f0956d2c23d8fa6e7691934d8c3930eadb44972cbbd1a7ae3a520f735d43359"
            ],
            "markers": "python_version >= '3.6'",
            "version": "==5.1.1"
        },
        "asttokens": {
            "hashes": [
                "sha256:0844691e88552595a6f4a4281a9f7f79b8dd45ca4ccea82e5e05b4bbdb76705c",
                "sha256:9a54c114f02c7a9480d56550932546a3f1fe71d8a02f1bc7ccd0ee3ee35cf4d5"
            ],
            "version": "==2.0.5"
        },
        "billiard": {
            "hashes": [
                "sha256:299de5a8da28a783d51b197d496bef4f1595dd023a93a4f59dde1886ae905547",
                "sha256:87103ea78fa6ab4d5c751c4909bcff74617d985de7fa8b672cf8618afd5a875b"
            ],
            "version": "==3.6.4.0"
        },
        "celery": {
            "hashes": [
                "sha256:d1398cadf30f576266b34370e28e880306ec55f7a4b6307549b0ae9c15663481",
                "sha256:da31f8eae7607b1582e5ee2d3f2d6f58450585afd23379491e3d9229d08102d0"
            ],
            "index": "pypi",
            "version": "==5.2.6"
        },
        "click": {
            "hashes": [
                "sha256:7682dc8afb30297001674575ea00d1814d808d6a36af415a82bd481d37ba7b8e",
                "sha256:bb4d8133cb15a609f44e8213d9b391b0809795062913b383c62be0ee95b1db48"
            ],
            "markers": "python_version >= '3.7'",
            "version": "==8.1.3"
        },
        "click-didyoumean": {
            "hashes": [
                "sha256:a0713dc7a1de3f06bc0df5a9567ad19ead2d3d5689b434768a6145bff77c0667",
                "sha256:f184f0d851d96b6d29297354ed981b7dd71df7ff500d82fa6d11f0856bee8035"
            ],
            "markers": "python_full_version >= '3.6.2' and python_full_version < '4.0.0'",
            "version": "==0.3.0"
        },
        "click-plugins": {
            "hashes": [
                "sha256:46ab999744a9d831159c3411bb0c79346d94a444df9a3a3742e9ed63645f264b",
                "sha256:5d262006d3222f5057fd81e1623d4443e41dcda5dc815c06b442aa3c02889fc8"
            ],
            "version": "==1.1.1"
        },
        "click-repl": {
            "hashes": [
                "sha256:94b3fbbc9406a236f176e0506524b2937e4b23b6f4c0c0b2a0a83f8a64e9194b",
                "sha256:cd12f68d745bf6151210790540b4cb064c7b13e571bc64b6957d98d120dacfd8"
            ],
            "version": "==0.2.0"
        },
        "colorama": {
            "hashes": [
                "sha256:5941b2b48a20143d2267e95b1c2a7603ce057ee39fd88e7329b0c292aa16869b",
                "sha256:9f47eda37229f68eee03b24b9748937c7dc3868f906e8ba69fbcbdd3bc5dc3e2"
            ],
            "markers": "python_version >= '2.7' and python_version not in '3.0, 3.1, 3.2, 3.3, 3.4'",
            "version": "==0.4.4"
        },
        "dnspython": {
            "hashes": [
                "sha256:0f7569a4a6ff151958b64304071d370daa3243d15941a7beedf0c9fe5105603e",
                "sha256:a851e51367fb93e9e1361732c1d60dab63eff98712e503ea7d92e6eccb109b4f"
            ],
            "markers": "python_version >= '3.6' and python_full_version < '4.0.0'",
            "version": "==2.2.1"
        },
        "email-validator": {
            "hashes": [
                "sha256:6757aea012d40516357c0ac2b1a4c31219ab2f899d26831334c5d069e8b6c3d8",
                "sha256:c8589e691cf73eb99eed8d10ce0e9cbb05a0886ba920c8bcb7c82873f4c5789c"
            ],
            "version": "==1.2.1"
        },
        "executing": {
            "hashes": [
                "sha256:c6554e21c6b060590a6d3be4b82fb78f8f0194d809de5ea7df1c093763311501",
                "sha256:d1eef132db1b83649a3905ca6dd8897f71ac6f8cac79a7e58a1a09cf137546c9"
            ],
            "version": "==0.8.3"
        },
        "faker": {
            "hashes": [
                "sha256:1f6478011ac8a8273e0f9cd6da03d9ea6391c622db340eca015339512e9cde29",
                "sha256:5cbb89fc6a16793b2bd98252c03a86098c7426beab0a20382709a815651b8804"
            ],
            "index": "pypi",
            "version": "==13.12.0"
        },
        "icecream": {
            "hashes": [
                "sha256:04b9cea4d9931cf6960db0430ebf11fa34464ce7152e384ddf50f96d25b201b4",
                "sha256:09300b2d1c678712410cbd47c95198eb1b580f66f311a554ccd6b9e758ece0ee"
            ],
            "index": "pypi",
            "version": "==2.1.2"
        },
        "idna": {
            "hashes": [
                "sha256:84d9dd047ffa80596e0f246e2eab0b391788b0503584e8945f2368256d2735ff",
                "sha256:9d643ff0a55b762d5cdb124b8eaa99c66322e2157b69160bc32796e824360e6d"
            ],
            "markers": "python_version >= '3.5'",
            "version": "==3.3"
        },
        "kombu": {
            "hashes": [
                "sha256:37cee3ee725f94ea8bb173eaab7c1760203ea53bbebae226328600f9d2799610",
                "sha256:8b213b24293d3417bcf0d2f5537b7f756079e3ea232a8386dcc89a59fd2361a4"
            ],
            "markers": "python_version >= '3.7'",
            "version": "==5.2.4"
        },
        "marshmallow": {
            "hashes": [
                "sha256:2aaaab4f01ef4f5a011a21319af9fce17ab13bf28a026d1252adab0e035648d5",
                "sha256:ff79885ed43b579782f48c251d262e062bce49c65c52412458769a4fb57ac30f"
            ],
            "index": "pypi",
            "version": "==3.15.0"
        },
        "motor": {
            "hashes": [
                "sha256:663473f4498f955d35db7b6f25651cb165514c247136f368b84419cb7635f6b8",
                "sha256:961fdceacaae2c7236c939166f66415be81be8bbb762da528386738de3a0f509"
            ],
            "index": "pypi",
            "version": "==2.5.1"
        },
        "packaging": {
            "hashes": [
                "sha256:dd47c42927d89ab911e606518907cc2d3a1f38bbd026385970643f9c5b8ecfeb",
                "sha256:ef103e05f519cdc783ae24ea4e2e0f508a9c99b2d4969652eed6a2e1ea5bd522"
            ],
            "markers": "python_version >= '3.6'",
            "version": "==21.3"
        },
        "prompt-toolkit": {
            "hashes": [
                "sha256:62291dad495e665fca0bda814e342c69952086afb0f4094d0893d357e5c78752",
                "sha256:bd640f60e8cecd74f0dc249713d433ace2ddc62b65ee07f96d358e0b152b6ea7"
            ],
            "markers": "python_full_version >= '3.6.2'",
            "version": "==3.0.29"
        },
        "pydantic": {
            "extras": [
                "email"
            ],
            "hashes": [
                "sha256:02eefd7087268b711a3ff4db528e9916ac9aa18616da7bca69c1871d0b7a091f",
                "sha256:059b6c1795170809103a1538255883e1983e5b831faea6558ef873d4955b4a74",
                "sha256:0bf07cab5b279859c253d26a9194a8906e6f4a210063b84b433cf90a569de0c1",
                "sha256:1542636a39c4892c4f4fa6270696902acb186a9aaeac6f6cf92ce6ae2e88564b",
                "sha256:177071dfc0df6248fd22b43036f936cfe2508077a72af0933d0c1fa269b18537",
                "sha256:18f3e912f9ad1bdec27fb06b8198a2ccc32f201e24174cec1b3424dda605a310",
                "sha256:1dd8fecbad028cd89d04a46688d2fcc14423e8a196d5b0a5c65105664901f810",
                "sha256:1ed987c3ff29fff7fd8c3ea3a3ea877ad310aae2ef9889a119e22d3f2db0691a",
                "sha256:447d5521575f18e18240906beadc58551e97ec98142266e521c34968c76c8761",
                "sha256:494f7c8537f0c02b740c229af4cb47c0d39840b829ecdcfc93d91dcbb0779892",
                "sha256:4988c0f13c42bfa9ddd2fe2f569c9d54646ce84adc5de84228cfe83396f3bd58",
                "sha256:4ce9ae9e91f46c344bec3b03d6ee9612802682c1551aaf627ad24045ce090761",
                "sha256:5d93d4e95eacd313d2c765ebe40d49ca9dd2ed90e5b37d0d421c597af830c195",
                "sha256:61b6760b08b7c395975d893e0b814a11cf011ebb24f7d869e7118f5a339a82e1",
                "sha256:72ccb318bf0c9ab97fc04c10c37683d9eea952ed526707fabf9ac5ae59b701fd",
                "sha256:79b485767c13788ee314669008d01f9ef3bc05db9ea3298f6a50d3ef596a154b",
                "sha256:7eb57ba90929bac0b6cc2af2373893d80ac559adda6933e562dcfb375029acee",
                "sha256:8bc541a405423ce0e51c19f637050acdbdf8feca34150e0d17f675e72d119580",
                "sha256:969dd06110cb780da01336b281f53e2e7eb3a482831df441fb65dd30403f4608",
                "sha256:985ceb5d0a86fcaa61e45781e567a59baa0da292d5ed2e490d612d0de5796918",
                "sha256:9bcf8b6e011be08fb729d110f3e22e654a50f8a826b0575c7196616780683380",
                "sha256:9ce157d979f742a915b75f792dbd6aa63b8eccaf46a1005ba03aa8a986bde34a",
                "sha256:9f659a5ee95c8baa2436d392267988fd0f43eb774e5eb8739252e5a7e9cf07e0",
                "sha256:a4a88dcd6ff8fd47c18b3a3709a89adb39a6373f4482e04c1b765045c7e282fd",
                "sha256:a955260d47f03df08acf45689bd163ed9df82c0e0124beb4251b1290fa7ae728",
                "sha256:a9af62e9b5b9bc67b2a195ebc2c2662fdf498a822d62f902bf27cccb52dbbf49",
                "sha256:ae72f8098acb368d877b210ebe02ba12585e77bd0db78ac04a1ee9b9f5dd2166",
                "sha256:b83ba3825bc91dfa989d4eed76865e71aea3a6ca1388b59fc801ee04c4d8d0d6",
                "sha256:c11951b404e08b01b151222a1cb1a9f0a860a8153ce8334149ab9199cd198131",
                "sha256:c320c64dd876e45254bdd350f0179da737463eea41c43bacbee9d8c9d1021f11",
                "sha256:c8098a724c2784bf03e8070993f6d46aa2eeca031f8d8a048dff277703e6e193",
                "sha256:d12f96b5b64bec3f43c8e82b4aab7599d0157f11c798c9f9c528a72b9e0b339a",
                "sha256:e565a785233c2d03724c4dc55464559639b1ba9ecf091288dd47ad9c629433bd",
                "sha256:f0f047e11febe5c3198ed346b507e1d010330d56ad615a7e0a89fae604065a0e",
                "sha256:fe4670cb32ea98ffbf5a1262f14c3e102cccd92b1869df3bb09538158ba90fe6"
            ],
            "index": "pypi",
            "version": "==1.9.1"
        },
        "pygments": {
            "hashes": [
                "sha256:5eb116118f9612ff1ee89ac96437bb6b49e8f04d8a13b514ba26f620208e26eb",
                "sha256:dc9c10fb40944260f6ed4c688ece0cd2048414940f1cea51b8b226318411c519"
            ],
            "markers": "python_version >= '3.6'",
            "version": "==2.12.0"
        },
        "pymongo": {
            "hashes": [
                "sha256:06b64cdf5121f86b78a84e61b8f899b6988732a8d304b503ea1f94a676221c06",
                "sha256:07398d8a03545b98282f459f2603a6bb271f4448d484ed7f411121a519a7ea48",
                "sha256:0a02313e71b7c370c43056f6b16c45effbb2d29a44d24403a3d5ba6ed322fa3f",
                "sha256:0a89cadc0062a5e53664dde043f6c097172b8c1c5f0094490095282ff9995a5f",
                "sha256:0be605bfb8461384a4cb81e80f51eb5ca1b89851f2d0e69a75458c788a7263a4",
                "sha256:0d52a70350ec3dfc39b513df12b03b7f4c8f8ec6873bbf958299999db7b05eb1",
                "sha256:0e7a5d0b9077e8c3e57727f797ee8adf12e1d5e7534642230d98980d160d1320",
                "sha256:145d78c345a38011497e55aff22c0f8edd40ee676a6810f7e69563d68a125e83",
                "sha256:14dee106a10b77224bba5efeeb6aee025aabe88eb87a2b850c46d3ee55bdab4a",
                "sha256:176fdca18391e1206c32fb1d8265628a84d28333c20ad19468d91e3e98312cd1",
                "sha256:1b4c535f524c9d8c86c3afd71d199025daa070859a2bdaf94a298120b0de16db",
                "sha256:1b5cb75d2642ff7db823f509641f143f752c0d1ab03166cafea1e42e50469834",
                "sha256:1c6c71e198b36f0f0dfe354f06d3655ecfa30d69493a1da125a9a54668aad652",
                "sha256:1c771f1a8b3cd2d697baaf57e9cfa4ae42371cacfbea42ea01d9577c06d92f96",
                "sha256:208a61db8b8b647fb5b1ff3b52b4ed6dbced01eac3b61009958adb203596ee99",
                "sha256:2157d68f85c28688e8b723bbe70c8013e0aba5570e08c48b3562f74d33fc05c4",
                "sha256:2301051701b27aff2cbdf83fae22b7ca883c9563dfd088033267291b46196643",
                "sha256:2567885ff0c8c7c0887ba6cefe4ae4af96364a66a7069f924ce0cd12eb971d04",
                "sha256:2577b8161eeae4dd376d13100b2137d883c10bb457dd08935f60c9f9d4b5c5f6",
                "sha256:27e5ea64332385385b75414888ce9d1a9806be8616d7cef4ef409f4f256c6d06",
                "sha256:28bfd5244d32faf3e49b5a8d1fab0631e922c26e8add089312e4be19fb05af50",
                "sha256:295a5beaecb7bf054c1c6a28749ed72b19f4d4b61edcd8a0815d892424baf780",
                "sha256:2c46a0afef69d61938a6fe32c3afd75b91dec3ab3056085dc72abbeedcc94166",
                "sha256:3100a2352bdded6232b385ceda0c0a4624598c517d52c2d8cf014b7abbebd84d",
                "sha256:320a1fe403dd83a35709fcf01083d14bc1462e9789b711201349a9158db3a87e",
                "sha256:320f8734553c50cffe8a8e1ae36dfc7d7be1941c047489db20a814d2a170d7b5",
                "sha256:33ab8c031f788609924e329003088831045f683931932a52a361d4a955b7dce2",
                "sha256:3492ae1f97209c66af70e863e6420e6301cecb0a51a5efa701058aa73a8ca29e",
                "sha256:351a2efe1c9566c348ad0076f4bf541f4905a0ebe2d271f112f60852575f3c16",
                "sha256:3f0ac6e0203bd88863649e6ed9c7cfe53afab304bc8225f2597c4c0a74e4d1f0",
                "sha256:3fedad05147b40ff8a93fcd016c421e6c159f149a2a481cfa0b94bfa3e473bab",
                "sha256:4294f2c1cd069b793e31c2e6d7ac44b121cf7cedccd03ebcc30f3fc3417b314a",
                "sha256:463b974b7f49d65a16ca1435bc1c25a681bb7d630509dd23b2e819ed36da0b7f",
                "sha256:4e0a3ea7fd01cf0a36509f320226bd8491e0f448f00b8cb89f601c109f6874e1",
                "sha256:514e78d20d8382d5b97f32b20c83d1d0452c302c9a135f0a9022236eb9940fda",
                "sha256:517b09b1dd842390a965a896d1327c55dfe78199c9f5840595d40facbcd81854",
                "sha256:51d1d061df3995c2332ae78f036492cc188cb3da8ef122caeab3631a67bb477e",
                "sha256:5296669bff390135528001b4e48d33a7acaffcd361d98659628ece7f282f11aa",
                "sha256:5296e5e69243ffd76bd919854c4da6630ae52e46175c804bc4c0e050d937b705",
                "sha256:58db209da08a502ce6948841d522dcec80921d714024354153d00b054571993c",
                "sha256:5b779e87300635b8075e8d5cfd4fdf7f46078cd7610c381d956bca5556bb8f97",
                "sha256:5cf113a46d81cff0559d57aa66ffa473d57d1a9496f97426318b6b5b14fdec1c",
                "sha256:5d20072d81cbfdd8e15e6a0c91fc7e3a4948c71e0adebfc67d3b4bcbe8602711",
                "sha256:5d67dbc8da2dac1644d71c1839d12d12aa333e266a9964d5b1a49feed036bc94",
                "sha256:5f530f35e1a57d4360eddcbed6945aecdaee2a491cd3f17025e7b5f2eea88ee7",
                "sha256:5fdffb0cfeb4dc8646a5381d32ec981ae8472f29c695bf09e8f7a8edb2db12ca",
                "sha256:602284e652bb56ca8760f8e88a5280636c5b63d7946fca1c2fe0f83c37dffc64",
                "sha256:648fcfd8e019b122b7be0e26830a3a2224d57c3e934f19c1e53a77b8380e6675",
                "sha256:64b9122be1c404ce4eb367ad609b590394587a676d84bfed8e03c3ce76d70560",
                "sha256:6526933760ee1e6090db808f1690a111ec409699c1990efc96f134d26925c37f",
                "sha256:6632b1c63d58cddc72f43ab9f17267354ddce563dd5e11eadabd222dcc808808",
                "sha256:6f93dbfa5a461107bc3f5026e0d5180499e13379e9404f07a9f79eb5e9e1303d",
                "sha256:71c0db2c313ea8a80825fb61b7826b8015874aec29ee6364ade5cb774fe4511b",
                "sha256:71c5c200fd37a5322706080b09c3ec8907cf01c377a7187f354fc9e9e13abc73",
                "sha256:7738147cd9dbd6d18d5593b3491b4620e13b61de975fd737283e4ad6c255c273",
                "sha256:7a6e4dccae8ef5dd76052647d78f02d5d0ffaff1856277d951666c54aeba3ad2",
                "sha256:7b4a9fcd95e978cd3c96cdc2096aa54705266551422cf0883c12a4044def31c6",
                "sha256:80710d7591d579442c67a3bc7ae9dcba9ff95ea8414ac98001198d894fc4ff46",
                "sha256:81a3ebc33b1367f301d1c8eda57eec4868e951504986d5d3fe437479dcdac5b2",
                "sha256:8455176fd1b86de97d859fed4ae0ef867bf998581f584c7a1a591246dfec330f",
                "sha256:845b178bd127bb074835d2eac635b980c58ec5e700ebadc8355062df708d5a71",
                "sha256:87e18f29bac4a6be76a30e74de9c9005475e27100acf0830679420ce1fd9a6fd",
                "sha256:89d7baa847383b9814de640c6f1a8553d125ec65e2761ad146ea2e75a7ad197c",
                "sha256:8c7ad5cab282f53b9d78d51504330d1c88c83fbe187e472c07e6908a0293142e",
                "sha256:8d92c6bb9174d47c2257528f64645a00bbc6324a9ff45a626192797aff01dc14",
                "sha256:9252c991e8176b5a2fa574c5ab9a841679e315f6e576eb7cf0bd958f3e39b0ad",
                "sha256:93111fd4e08fa889c126aa8baf5c009a941880a539c87672e04583286517450a",
                "sha256:95d15cf81cd2fb926f2a6151a9f94c7aacc102b415e72bc0e040e29332b6731c",
                "sha256:9d5b66d457d2c5739c184a777455c8fde7ab3600a56d8bbebecf64f7c55169e1",
                "sha256:a055d29f1302892a9389a382bed10a3f77708bcf3e49bfb76f7712fa5f391cc6",
                "sha256:a1ba93be779a9b8e5e44f5c133dc1db4313661cead8a2fd27661e6cb8d942ee9",
                "sha256:a283425e6a474facd73072d8968812d1d9058490a5781e022ccf8895500b83ce",
                "sha256:a351986d6c9006308f163c359ced40f80b6cffb42069f3e569b979829951038d",
                "sha256:a766157b195a897c64945d4ff87b050bb0e763bb78f3964e996378621c703b00",
                "sha256:a8a3540e21213cb8ce232e68a7d0ee49cdd35194856c50b8bd87eeb572fadd42",
                "sha256:a8e0a086dbbee406cc6f603931dfe54d1cb2fba585758e06a2de01037784b737",
                "sha256:ab23b0545ec71ea346bf50a5d376d674f56205b729980eaa62cdb7871805014b",
                "sha256:b0db9a4691074c347f5d7ee830ab3529bc5ad860939de21c1f9c403daf1eda9a",
                "sha256:b1b5be40ebf52c3c67ee547e2c4435ed5bc6352f38d23e394520b686641a6be4",
                "sha256:b3e08aef4ea05afbc0a70cd23c13684e7f5e074f02450964ec5cfa1c759d33d2",
                "sha256:b7df0d99e189b7027d417d4bfd9b8c53c9c7ed5a0a1495d26a6f547d820eca88",
                "sha256:be1f10145f7ea76e3e836fdc5c8429c605675bdcddb0bca9725ee6e26874c00c",
                "sha256:bf254a1a95e95fdf4eaa25faa1ea450a6533ed7a997f9f8e49ab971b61ea514d",
                "sha256:bfc2d763d05ec7211313a06e8571236017d3e61d5fef97fcf34ec4b36c0b6556",
                "sha256:c164eda0be9048f83c24b9b2656900041e069ddf72de81c17d874d0c32f6079f",
                "sha256:c22591cff80188dd8543be0b559d0c807f7288bd353dc0bcfe539b4588b3a5cd",
                "sha256:c5f83bb59d0ff60c6fdb1f8a7b0288fbc4640b1f0fd56f5ae2387749c35d34e3",
                "sha256:c7e8221278e5f9e2b6d3893cfc3a3e46c017161a57bb0e6f244826e4cee97916",
                "sha256:c8d6bf6fcd42cde2f02efb8126812a010c297eacefcd090a609639d2aeda6185",
                "sha256:c8f7dd025cb0bf19e2f60a64dfc24b513c8330e0cfe4a34ccf941eafd6194d9e",
                "sha256:c9d212e2af72d5c8d082775a43eb726520e95bf1c84826440f74225843975136",
                "sha256:cebb3d8bcac4a6b48be65ebbc5c9881ed4a738e27bb96c86d9d7580a1fb09e05",
                "sha256:d3082e5c4d7b388792124f5e805b469109e58f1ab1eb1fbd8b998e8ab766ffb7",
                "sha256:d81047341ab56061aa4b6823c54d4632579c3b16e675089e8f520e9b918a133b",
                "sha256:d81299f63dc33cc172c26faf59cc54dd795fc6dd5821a7676cca112a5ee8bbd6",
                "sha256:dfa217bf8cf3ff6b30c8e6a89014e0c0e7b50941af787b970060ae5ba04a4ce5",
                "sha256:dfec57f15f53d677b8e4535695ff3f37df7f8fe431f2efa8c3c8c4025b53d1eb",
                "sha256:e099b79ccf7c40f18b149a64d3d10639980035f9ceb223169dd806ff1bb0d9cc",
                "sha256:e1fc4d3985868860b6585376e511bb32403c5ffb58b0ed913496c27fd791deea",
                "sha256:e2b4c95c47fb81b19ea77dc1c50d23af3eba87c9628fcc2e03d44124a3d336ea",
                "sha256:e4e5d163e6644c2bc84dd9f67bfa89288c23af26983d08fefcc2cbc22f6e57e6",
                "sha256:e66b3c9f8b89d4fd58a59c04fdbf10602a17c914fbaaa5e6ea593f1d54b06362",
                "sha256:ed7d11330e443aeecab23866055e08a5a536c95d2c25333aeb441af2dbac38d2",
                "sha256:f340a2a908644ea6cccd399be0fb308c66e05d2800107345f9f0f0d59e1731c4",
                "sha256:f38b35ecd2628bf0267761ed659e48af7e620a7fcccfccf5774e7308fb18325c",
                "sha256:f6d5443104f89a840250087863c91484a72f254574848e951d1bdd7d8b2ce7c9",
                "sha256:fc2048d13ff427605fea328cbe5369dce549b8c7657b0e22051a5b8831170af6"
            ],
            "index": "pypi",
            "version": "==3.12.3"
        },
        "pyotp": {
            "hashes": [
                "sha256:9d144de0f8a601d6869abe1409f4a3f75f097c37b50a36a3bf165810a6e23f28",
                "sha256:d28ddfd40e0c1b6a6b9da961c7d47a10261fb58f378cb00f05ce88b26df9c432"
            ],
            "index": "pypi",
            "version": "==2.6.0"
        },
        "pyparsing": {
            "hashes": [
                "sha256:2b020ecf7d21b687f219b71ecad3631f644a47f01403fa1d1036b0c6416d70fb",
                "sha256:5026bae9a10eeaefb61dab2f09052b9f4307d44aee4eda64b309723d8d206bbc"
            ],
            "markers": "python_full_version >= '3.6.8'",
            "version": "==3.0.9"
        },
        "python-dateutil": {
            "hashes": [
                "sha256:0123cacc1627ae19ddf3c27a5de5bd67ee4586fbdd6440d9748f8abb483d3e86",
                "sha256:961d03dc3453ebbc59dbdea9e4e11c5651520a876d0f4db161e8674aae935da9"
            ],
            "markers": "python_version >= '2.7' and python_version not in '3.0, 3.1, 3.2, 3.3'",
            "version": "==2.8.2"
        },
        "python-dotenv": {
            "hashes": [
                "sha256:b7e3b04a59693c42c36f9ab1cc2acc46fa5df8c78e178fc33a8d4cd05c8d498f",
                "sha256:d92a187be61fe482e4fd675b6d52200e7be63a12b724abbf931a40ce4fa92938"
            ],
            "index": "pypi",
            "version": "==0.20.0"
        },
        "pytz": {
            "hashes": [
                "sha256:1e760e2fe6a8163bc0b3d9a19c4f84342afa0a2affebfaa84b01b978a02ecaa7",
                "sha256:e68985985296d9a66a881eb3193b0906246245294a881e7c8afe623866ac6a5c"
            ],
            "version": "==2022.1"
        },
        "six": {
            "hashes": [
                "sha256:1e61c37477a1626458e36f7b1d82aa5c9b094fa4802892072e49de9c60c4c926",
                "sha256:8abb2f1d86890a2dfb989f9a77cfcfd3e47c2a354b01111771326f8aa26e0254"
            ],
            "markers": "python_version >= '2.7' and python_version not in '3.0, 3.1, 3.2, 3.3'",
            "version": "==1.16.0"
        },
        "typing-extensions": {
            "hashes": [
                "sha256:6657594ee297170d19f67d55c05852a874e7eb634f4f753dbd667855e07c1708",
                "sha256:f1c24655a0da0d1b67f07e17a5e6b2a105894e6824b92096378bb3668ef02376"
            ],
            "markers": "python_version >= '3.7'",
            "version": "==4.2.0"
        },
        "vine": {
            "hashes": [
                "sha256:4c9dceab6f76ed92105027c49c823800dd33cacce13bdedc5b914e3514b7fb30",
                "sha256:7d3b1624a953da82ef63462013bbd271d3eb75751489f9807598e8f340bd637e"
            ],
            "markers": "python_version >= '3.6'",
            "version": "==5.0.0"
        },
        "wcwidth": {
            "hashes": [
                "sha256:beb4802a9cebb9144e99086eff703a642a13d6a0052920003a230f3294bbe784",
                "sha256:c4d647b99872929fdb7bdcaa4fbe7f01413ed3d98077df798530e5b04f116c83"
            ],
            "version": "==0.2.5"
        }
    },
    "develop": {}
}
